{
  "name": "NoSQL",
  "lockfileVersion": 3,
  "requires": true,
  "packages": {
    "": {
      "dependencies": {
        "punycode2": "^1.0.1"
      }
    },
    "node_modules/punycode2": {
      "version": "1.0.1",
      "resolved": "https://registry.npmjs.org/punycode2/-/punycode2-1.0.1.tgz",
      "integrity": "sha512-+TXpd9YRW4YUZZPoRHJ3DILtWwootGc2DsgvfHmklQ8It1skINAuqSdqizt5nlTaBmwrYACHkHApCXjc9gHk2Q==",
      "engines": {
        "node": ">=0.10"
      }
    }
  }
}
